// !$*UTF8*$!
{
	archiveVersion = 1;
	classes = {
	};
	objectVersion = 77;
	objects = {

/* Begin PBXBuildFile section */
		6B5B493A2EE966C8001C9752 /* libI2CppDumperDylib.dylib in Copy Files */ = {isa = PBXBuildFile; fileRef = 6B5B49392EE966C8001C9752 /* libI2CppDumperDylib.dylib */; settings = {ATTRIBUTES = (CodeSignOnCopy, ); }; };
		6B5B493F2EE966C8001C9752 /* JavaScriptCore.framework in Frameworks */ = {isa = PBXBuildFile; fileRef = 6B5B493E2EE966C8001C9752 /* JavaScriptCore.framework */; };
		6B5B49412EE966C8001C9752 /* Foundation.framework in Frameworks */ = {isa = PBXBuildFile; fileRef = 6B5B49402EE966C8001C9752 /* Foundation.framework */; };
		6B5B49432EE966C8001C9752 /* UIKit.framework in Frameworks */ = {isa = PBXBuildFile; fileRef = 6B5B49422EE966C8001C9752 /* UIKit.framework */; };
		6B5B49482EE966C8001C9752 /* I2CppDumperDylib.mm in Sources */ = {isa = PBXBuildFile; fileRef = 6B5B49472EE966C8001C9752 /* I2CppDumperDylib.mm */; };
		6B5B494B2EE966C8001C9752 /* MDConfigManager.h in Headers */ = {isa = PBXBuildFile; fileRef = 6B5B494A2EE966C8001C9752 /* MDConfigManager.h */; };
		6B5B494D2EE966C8001C9752 /* MDConfigManager.m in Sources */ = {isa = PBXBuildFile; fileRef = 6B5B494C2EE966C8001C9752 /* MDConfigManager.m */; };
		6B5B494F2EE966C8001C9752 /* MDCycriptManager.h in Headers */ = {isa = PBXBuildFile; fileRef = 6B5B494E2EE966C8001C9752 /* MDCycriptManager.h */; };
		6B5B49512EE966C8001C9752 /* MDCycriptManager.m in Sources */ = {isa = PBXBuildFile; fileRef = 6B5B49502EE966C8001C9752 /* MDCycriptManager.m */; };
		6B5B49532EE966C8001C9752 /* MDMethodTrace.h in Headers */ = {isa = PBXBuildFile; fileRef = 6B5B49522EE966C8001C9752 /* MDMethodTrace.h */; };
		6B5B49552EE966C8001C9752 /* MDMethodTrace.m in Sources */ = {isa = PBXBuildFile; fileRef = 6B5B49542EE966C8001C9752 /* MDMethodTrace.m */; };
		6B5B49582EE966C8001C9752 /* a1a2-selectortramps-arm.s in Sources */ = {isa = PBXBuildFile; fileRef = 6B5B49572EE966C8001C9752 /* a1a2-selectortramps-arm.s */; };
		6B5B495A2EE966C8001C9752 /* a1a2-selectortramps-arm64.s in Sources */ = {isa = PBXBuildFile; fileRef = 6B5B49592EE966C8001C9752 /* a1a2-selectortramps-arm64.s */; };
		6B5B495C2EE966C8001C9752 /* a1a2-selectortramps-i386.s in Sources */ = {isa = PBXBuildFile; fileRef = 6B5B495B2EE966C8001C9752 /* a1a2-selectortramps-i386.s */; };
		6B5B495E2EE966C8001C9752 /* a1a2-selectortramps-x86_64.s in Sources */ = {isa = PBXBuildFile; fileRef = 6B5B495D2EE966C8001C9752 /* a1a2-selectortramps-x86_64.s */; };
		6B5B49602EE966C8001C9752 /* a2a3-selectortramps-arm.s in Sources */ = {isa = PBXBuildFile; fileRef = 6B5B495F2EE966C8001C9752 /* a2a3-selectortramps-arm.s */; };
		6B5B49622EE966C8001C9752 /* a2a3-selectortramps-i386.s in Sources */ = {isa = PBXBuildFile; fileRef = 6B5B49612EE966C8001C9752 /* a2a3-selectortramps-i386.s */; };
		6B5B49642EE966C8001C9752 /* a2a3-selectortramps-x86_64.s in Sources */ = {isa = PBXBuildFile; fileRef = 6B5B49632EE966C8001C9752 /* a2a3-selectortramps-x86_64.s */; };
		6B5B49662EE966C8001C9752 /* OCMethodTrace.h in Headers */ = {isa = PBXBuildFile; fileRef = 6B5B49652EE966C8001C9752 /* OCMethodTrace.h */; };
		6B5B49682EE966C8001C9752 /* OCMethodTrace.m in Sources */ = {isa = PBXBuildFile; fileRef = 6B5B49672EE966C8001C9752 /* OCMethodTrace.m */; };
		6B5B496A2EE966C8001C9752 /* OCSelectorTrampolines.h in Headers */ = {isa = PBXBuildFile; fileRef = 6B5B49692EE966C8001C9752 /* OCSelectorTrampolines.h */; };
		6B5B496C2EE966C8001C9752 /* OCSelectorTrampolines.mm in Sources */ = {isa = PBXBuildFile; fileRef = 6B5B496B2EE966C8001C9752 /* OCSelectorTrampolines.mm */; };
		6B5B49702EE966C8001C9752 /* LLDBTools.h in Headers */ = {isa = PBXBuildFile; fileRef = 6B5B496F2EE966C8001C9752 /* LLDBTools.h */; };
		6B5B49722EE966C8001C9752 /* LLDBTools.mm in Sources */ = {isa = PBXBuildFile; fileRef = 6B5B49712EE966C8001C9752 /* LLDBTools.mm */; };
		6B5B49772EE966C8001C9752 /* AntiAntiDebug.m in Sources */ = {isa = PBXBuildFile; fileRef = 6B5B49762EE966C8001C9752 /* AntiAntiDebug.m */; };
		6B5B497A2EE966C8001C9752 /* fishhook.c in Sources */ = {isa = PBXBuildFile; fileRef = 6B5B49792EE966C8001C9752 /* fishhook.c */; };
		6B5B497C2EE966C8001C9752 /* fishhook.h in Headers */ = {isa = PBXBuildFile; fileRef = 6B5B497B2EE966C8001C9752 /* fishhook.h */; };
		6B5B497E2EE966C8001C9752 /* I2CppDumperDylib.h in Headers */ = {isa = PBXBuildFile; fileRef = 6B5B497D2EE966C8001C9752 /* I2CppDumperDylib.h */; };
		6B5B49802EE966C8001C9752 /* I2CppDumperDylib.m in Sources */ = {isa = PBXBuildFile; fileRef = 6B5B497F2EE966C8001C9752 /* I2CppDumperDylib.m */; };
		6B5B4AE22EE9841D001C9752 /* Il2cpp.cpp in Sources */ = {isa = PBXBuildFile; fileRef = 6B5B4ADE2EE9841D001C9752 /* Il2cpp.cpp */; };
		6B5B4AE32EE9841D001C9752 /* Dumper.cpp in Sources */ = {isa = PBXBuildFile; fileRef = 6B5B4ADC2EE9841D001C9752 /* Dumper.cpp */; };
		6B5B4AE42EE9841D001C9752 /* il2cpp-tabledefs.h in Headers */ = {isa = PBXBuildFile; fileRef = 6B5B4ADF2EE9841D001C9752 /* il2cpp-tabledefs.h */; };
		6B5B4AE52EE9841D001C9752 /* Dumper.hpp in Headers */ = {isa = PBXBuildFile; fileRef = 6B5B4ADB2EE9841D001C9752 /* Dumper.hpp */; };
		6B5B4AE62EE9841D001C9752 /* Il2cpp.hpp in Headers */ = {isa = PBXBuildFile; fileRef = 6B5B4ADD2EE9841D001C9752 /* Il2cpp.hpp */; };
		6B5B4AE72EE9841D001C9752 /* Util.hpp in Headers */ = {isa = PBXBuildFile; fileRef = 6B5B4AE02EE9841D001C9752 /* Util.hpp */; };
		6B5B4AE82EE9841D001C9752 /* config.h in Headers */ = {isa = PBXBuildFile; fileRef = 6B5B4ADA2EE9841D001C9752 /* config.h */; };
		6B5B4B262EE98428001C9752 /* SSZipArchive.m in Sources */ = {isa = PBXBuildFile; fileRef = 6B5B4B202EE98428001C9752 /* SSZipArchive.m */; };
		6B5B4B272EE98428001C9752 /* mz_os_posix.c in Sources */ = {isa = PBXBuildFile; fileRef = 6B5B4B082EE98428001C9752 /* mz_os_posix.c */; };
		6B5B4B282EE98428001C9752 /* SCLAlertView.m in Sources */ = {isa = PBXBuildFile; fileRef = 6B5B4AEE2EE98428001C9752 /* SCLAlertView.m */; };
		6B5B4B292EE98428001C9752 /* mz_strm_split.c in Sources */ = {isa = PBXBuildFile; fileRef = 6B5B4B142EE98428001C9752 /* mz_strm_split.c */; };
		6B5B4B2A2EE98428001C9752 /* mz_strm_os_posix.c in Sources */ = {isa = PBXBuildFile; fileRef = 6B5B4B102EE98428001C9752 /* mz_strm_os_posix.c */; };
		6B5B4B2B2EE98428001C9752 /* SCLAlertViewResponder.m in Sources */ = {isa = PBXBuildFile; fileRef = 6B5B4AF02EE98428001C9752 /* SCLAlertViewResponder.m */; };
		6B5B4B2C2EE98428001C9752 /* mz_zip_rw.c in Sources */ = {isa = PBXBuildFile; fileRef = 6B5B4B1C2EE98428001C9752 /* mz_zip_rw.c */; };
		6B5B4B2D2EE98428001C9752 /* mz_strm_pkcrypt.c in Sources */ = {isa = PBXBuildFile; fileRef = 6B5B4B122EE98428001C9752 /* mz_strm_pkcrypt.c */; };
		6B5B4B2E2EE98428001C9752 /* mz_crypt_apple.c in Sources */ = {isa = PBXBuildFile; fileRef = 6B5B4B052EE98428001C9752 /* mz_crypt_apple.c */; };
		6B5B4B2F2EE98428001C9752 /* SCLTimerDisplay.m in Sources */ = {isa = PBXBuildFile; fileRef = 6B5B4AFB2EE98428001C9752 /* SCLTimerDisplay.m */; };
		6B5B4B302EE98428001C9752 /* mz_strm_zlib.c in Sources */ = {isa = PBXBuildFile; fileRef = 6B5B4B182EE98428001C9752 /* mz_strm_zlib.c */; };
		6B5B4B312EE98428001C9752 /* mz_compat.c in Sources */ = {isa = PBXBuildFile; fileRef = 6B5B4B022EE98428001C9752 /* mz_compat.c */; };
		6B5B4B322EE98428001C9752 /* SCLButton.m in Sources */ = {isa = PBXBuildFile; fileRef = 6B5B4AF42EE98428001C9752 /* SCLButton.m */; };
		6B5B4B332EE98428001C9752 /* mz_strm.c in Sources */ = {isa = PBXBuildFile; fileRef = 6B5B4B0A2EE98428001C9752 /* mz_strm.c */; };
		6B5B4B342EE98428001C9752 /* UIImage+ImageEffects.m in Sources */ = {isa = PBXBuildFile; fileRef = 6B5B4AFD2EE98428001C9752 /* UIImage+ImageEffects.m */; };
		6B5B4B352EE98428001C9752 /* mz_crypt.c in Sources */ = {isa = PBXBuildFile; fileRef = 6B5B4B042EE98428001C9752 /* mz_crypt.c */; };
		6B5B4B362EE98428001C9752 /* SCLSwitchView.m in Sources */ = {isa = PBXBuildFile; fileRef = 6B5B4AF72EE98428001C9752 /* SCLSwitchView.m */; };
		6B5B4B372EE98428001C9752 /* SCLTextView.m in Sources */ = {isa = PBXBuildFile; fileRef = 6B5B4AF92EE98428001C9752 /* SCLTextView.m */; };
		6B5B4B382EE98428001C9752 /* SCLAlertViewStyleKit.m in Sources */ = {isa = PBXBuildFile; fileRef = 6B5B4AF22EE98428001C9752 /* SCLAlertViewStyleKit.m */; };
		6B5B4B392EE98428001C9752 /* mz_os.c in Sources */ = {isa = PBXBuildFile; fileRef = 6B5B4B072EE98428001C9752 /* mz_os.c */; };
		6B5B4B3A2EE98428001C9752 /* mz_strm_wzaes.c in Sources */ = {isa = PBXBuildFile; fileRef = 6B5B4B162EE98428001C9752 /* mz_strm_wzaes.c */; };
		6B5B4B3B2EE98428001C9752 /* mz_zip.c in Sources */ = {isa = PBXBuildFile; fileRef = 6B5B4B1A2EE98428001C9752 /* mz_zip.c */; };
		6B5B4B3C2EE98428001C9752 /* mz_strm_mem.c in Sources */ = {isa = PBXBuildFile; fileRef = 6B5B4B0E2EE98428001C9752 /* mz_strm_mem.c */; };
		6B5B4B3D2EE98428001C9752 /* mz_strm_buf.c in Sources */ = {isa = PBXBuildFile; fileRef = 6B5B4B0C2EE98428001C9752 /* mz_strm_buf.c */; };
		6B5B4B3E2EE98428001C9752 /* SCLMacros.h in Headers */ = {isa = PBXBuildFile; fileRef = 6B5B4AF52EE98428001C9752 /* SCLMacros.h */; };
		6B5B4B3F2EE98428001C9752 /* mz_crypt.h in Headers */ = {isa = PBXBuildFile; fileRef = 6B5B4B032EE98428001C9752 /* mz_crypt.h */; };
		6B5B4B402EE98428001C9752 /* mz_zip_rw.h in Headers */ = {isa = PBXBuildFile; fileRef = 6B5B4B1B2EE98428001C9752 /* mz_zip_rw.h */; };
		6B5B4B412EE98428001C9752 /* SCLTextView.h in Headers */ = {isa = PBXBuildFile; fileRef = 6B5B4AF82EE98428001C9752 /* SCLTextView.h */; };
		6B5B4B422EE98428001C9752 /* mz_strm.h in Headers */ = {isa = PBXBuildFile; fileRef = 6B5B4B092EE98428001C9752 /* mz_strm.h */; };
		6B5B4B432EE98428001C9752 /* SCLSwitchView.h in Headers */ = {isa = PBXBuildFile; fileRef = 6B5B4AF62EE98428001C9752 /* SCLSwitchView.h */; };
		6B5B4B442EE98428001C9752 /* mz.h in Headers */ = {isa = PBXBuildFile; fileRef = 6B5B4B002EE98428001C9752 /* mz.h */; };
		6B5B4B452EE98428001C9752 /* mz_strm_wzaes.h in Headers */ = {isa = PBXBuildFile; fileRef = 6B5B4B152EE98428001C9752 /* mz_strm_wzaes.h */; };
		6B5B4B462EE98428001C9752 /* mz_zip.h in Headers */ = {isa = PBXBuildFile; fileRef = 6B5B4B192EE98428001C9752 /* mz_zip.h */; };
		6B5B4B472EE98428001C9752 /* SSZipArchive.h in Headers */ = {isa = PBXBuildFile; fileRef = 6B5B4B1F2EE98428001C9752 /* SSZipArchive.h */; };
		6B5B4B482EE98428001C9752 /* mz_strm_os.h in Headers */ = {isa = PBXBuildFile; fileRef = 6B5B4B0F2EE98428001C9752 /* mz_strm_os.h */; };
		6B5B4B492EE98428001C9752 /* json.hpp in Headers */ = {isa = PBXBuildFile; fileRef = 6B5B4AE92EE98428001C9752 /* json.hpp */; };
		6B5B4B4A2EE98428001C9752 /* mz_strm_zlib.h in Headers */ = {isa = PBXBuildFile; fileRef = 6B5B4B172EE98428001C9752 /* mz_strm_zlib.h */; };
		6B5B4B4B2EE98428001C9752 /* mz_os.h in Headers */ = {isa = PBXBuildFile; fileRef = 6B5B4B062EE98428001C9752 /* mz_os.h */; };
		6B5B4B4C2EE98428001C9752 /* mz_compat.h in Headers */ = {isa = PBXBuildFile; fileRef = 6B5B4B012EE98428001C9752 /* mz_compat.h */; };
		6B5B4B4D2EE98428001C9752 /* types.h in Headers */ = {isa = PBXBuildFile; fileRef = 6B5B4B242EE98428001C9752 /* types.h */; };
		6B5B4B4E2EE98428001C9752 /* mz_strm_buf.h in Headers */ = {isa = PBXBuildFile; fileRef = 6B5B4B0B2EE98428001C9752 /* mz_strm_buf.h */; };
		6B5B4B4F2EE98428001C9752 /* mz_strm_pkcrypt.h in Headers */ = {isa = PBXBuildFile; fileRef = 6B5B4B112EE98428001C9752 /* mz_strm_pkcrypt.h */; };
		6B5B4B502EE98428001C9752 /* UIImage+ImageEffects.h in Headers */ = {isa = PBXBuildFile; fileRef = 6B5B4AFC2EE98428001C9752 /* UIImage+ImageEffects.h */; };
		6B5B4B512EE98428001C9752 /* SCLTimerDisplay.h in Headers */ = {isa = PBXBuildFile; fileRef = 6B5B4AFA2EE98428001C9752 /* SCLTimerDisplay.h */; };
		6B5B4B522EE98428001C9752 /* ZipArchive.h in Headers */ = {isa = PBXBuildFile; fileRef = 6B5B4B222EE98428001C9752 /* ZipArchive.h */; };
		6B5B4B532EE98428001C9752 /* SCLAlertViewResponder.h in Headers */ = {isa = PBXBuildFile; fileRef = 6B5B4AEF2EE98428001C9752 /* SCLAlertViewResponder.h */; };
		6B5B4B542EE98428001C9752 /* SCLAlertView.h in Headers */ = {isa = PBXBuildFile; fileRef = 6B5B4AED2EE98428001C9752 /* SCLAlertView.h */; };
		6B5B4B552EE98428001C9752 /* mz_strm_split.h in Headers */ = {isa = PBXBuildFile; fileRef = 6B5B4B132EE98428001C9752 /* mz_strm_split.h */; };
		6B5B4B562EE98428001C9752 /* SCLButton.h in Headers */ = {isa = PBXBuildFile; fileRef = 6B5B4AF32EE98428001C9752 /* SCLButton.h */; };
		6B5B4B572EE98428001C9752 /* mz_strm_mem.h in Headers */ = {isa = PBXBuildFile; fileRef = 6B5B4B0D2EE98428001C9752 /* mz_strm_mem.h */; };
		6B5B4B582EE98428001C9752 /* SSZipCommon.h in Headers */ = {isa = PBXBuildFile; fileRef = 6B5B4B212EE98428001C9752 /* SSZipCommon.h */; };
		6B5B4B592EE98428001C9752 /* SCLAlertViewStyleKit.h in Headers */ = {isa = PBXBuildFile; fileRef = 6B5B4AF12EE98428001C9752 /* SCLAlertViewStyleKit.h */; };
		6B5B4B5D2EE98438001C9752 /* I2CppDumperInit.m in Sources */ = {isa = PBXBuildFile; fileRef = 6B5B4B5B2EE98438001C9752 /* I2CppDumperInit.m */; };
		6B5B4B5E2EE98438001C9752 /* Il2CppDumpEntry.mm in Sources */ = {isa = PBXBuildFile; fileRef = 6B5B4B5C2EE98438001C9752 /* Il2CppDumpEntry.mm */; };
		6B5B4B5F2EE98438001C9752 /* I2CppDumperInit.h in Headers */ = {isa = PBXBuildFile; fileRef = 6B5B4B5A2EE98438001C9752 /* I2CppDumperInit.h */; };
		6B5B4B612EE98444001C9752 /* I2CppDumperDylib-Prefix.pch in Headers */ = {isa = PBXBuildFile; fileRef = 6B5B4B602EE98444001C9752 /* I2CppDumperDylib-Prefix.pch */; };
		6B5B4B682EE9849C001C9752 /* AlertUtils.mm in Sources */ = {isa = PBXBuildFile; fileRef = 6B5B4B672EE9849C001C9752 /* AlertUtils.mm */; };
		6B5B4B692EE9849C001C9752 /* AlertUtils.h in Headers */ = {isa = PBXBuildFile; fileRef = 6B5B4B662EE9849C001C9752 /* AlertUtils.h */; };
/* End PBXBuildFile section */

/* Begin PBXContainerItemProxy section */
		6B5B493B2EE966C8001C9752 /* PBXContainerItemProxy */ = {
			isa = PBXContainerItemProxy;
			containerPortal = 6B5B491D2EE966C8001C9752 /* Project object */;
			proxyType = 1;
			remoteGlobalIDString = 6B5B49382EE966C8001C9752;
			remoteInfo = I2CppDumperDylib;
		};
/* End PBXContainerItemProxy section */

/* Begin PBXCopyFilesBuildPhase section */
		6B5B49252EE966C8001C9752 /* Copy Files */ = {
			isa = PBXCopyFilesBuildPhase;
			buildActionMask = 2147483647;
			dstPath = "";
			dstSubfolderSpec = 10;
			files = (
				6B5B493A2EE966C8001C9752 /* libI2CppDumperDylib.dylib in Copy Files */,
			);
			name = "Copy Files";
			runOnlyForDeploymentPostprocessing = 0;
		};
/* End PBXCopyFilesBuildPhase section */

/* Begin PBXFileReference section */
		6B5B49282EE966C8001C9752 /* I2CppDumper.app */ = {isa = PBXFileReference; explicitFileType = wrapper.application; includeInIndex = 0; path = I2CppDumper.app; sourceTree = BUILT_PRODUCTS_DIR; };
		6B5B49392EE966C8001C9752 /* libI2CppDumperDylib.dylib */ = {isa = PBXFileReference; explicitFileType = "compiled.mach-o.dylib"; includeInIndex = 0; path = libI2CppDumperDylib.dylib; sourceTree = BUILT_PRODUCTS_DIR; };
		6B5B493E2EE966C8001C9752 /* JavaScriptCore.framework */ = {isa = PBXFileReference; lastKnownFileType = wrapper.framework; name = JavaScriptCore.framework; path = System/Library/Frameworks/JavaScriptCore.framework; sourceTree = SDKROOT; };
		6B5B49402EE966C8001C9752 /* Foundation.framework */ = {isa = PBXFileReference; lastKnownFileType = wrapper.framework; name = Foundation.framework; path = System/Library/Frameworks/Foundation.framework; sourceTree = SDKROOT; };
		6B5B49422EE966C8001C9752 /* UIKit.framework */ = {isa = PBXFileReference; lastKnownFileType = wrapper.framework; name = UIKit.framework; path = System/Library/Frameworks/UIKit.framework; sourceTree = SDKROOT; };
		6B5B49462EE966C8001C9752 /* I2CppDumperDylib.xm */ = {isa = PBXFileReference; lastKnownFileType = text; path = I2CppDumperDylib.xm; sourceTree = "<group>"; };
		6B5B49472EE966C8001C9752 /* I2CppDumperDylib.mm */ = {isa = PBXFileReference; lastKnownFileType = sourcecode.cpp.objcpp; path = I2CppDumperDylib.mm; sourceTree = "<group>"; };
		6B5B494A2EE966C8001C9752 /* MDConfigManager.h */ = {isa = PBXFileReference; lastKnownFileType = sourcecode.c.h; path = MDConfigManager.h; sourceTree = "<group>"; };
		6B5B494C2EE966C8001C9752 /* MDConfigManager.m */ = {isa = PBXFileReference; lastKnownFileType = sourcecode.c.objc; path = MDConfigManager.m; sourceTree = "<group>"; };
		6B5B494E2EE966C8001C9752 /* MDCycriptManager.h */ = {isa = PBXFileReference; lastKnownFileType = sourcecode.c.h; path = MDCycriptManager.h; sourceTree = "<group>"; };
		6B5B49502EE966C8001C9752 /* MDCycriptManager.m */ = {isa = PBXFileReference; lastKnownFileType = sourcecode.c.objc; path = MDCycriptManager.m; sourceTree = "<group>"; };
		6B5B49522EE966C8001C9752 /* MDMethodTrace.h */ = {isa = PBXFileReference; lastKnownFileType = sourcecode.c.h; path = MDMethodTrace.h; sourceTree = "<group>"; };
		6B5B49542EE966C8001C9752 /* MDMethodTrace.m */ = {isa = PBXFileReference; lastKnownFileType = sourcecode.c.objc; path = MDMethodTrace.m; sourceTree = "<group>"; };
		6B5B49572EE966C8001C9752 /* a1a2-selectortramps-arm.s */ = {isa = PBXFileReference; lastKnownFileType = sourcecode.asm; path = "a1a2-selectortramps-arm.s"; sourceTree = "<group>"; };
		6B5B49592EE966C8001C9752 /* a1a2-selectortramps-arm64.s */ = {isa = PBXFileReference; lastKnownFileType = sourcecode.asm; path = "a1a2-selectortramps-arm64.s"; sourceTree = "<group>"; };
		6B5B495B2EE966C8001C9752 /* a1a2-selectortramps-i386.s */ = {isa = PBXFileReference; lastKnownFileType = sourcecode.asm; path = "a1a2-selectortramps-i386.s"; sourceTree = "<group>"; };
		6B5B495D2EE966C8001C9752 /* a1a2-selectortramps-x86_64.s */ = {isa = PBXFileReference; lastKnownFileType = sourcecode.asm; path = "a1a2-selectortramps-x86_64.s"; sourceTree = "<group>"; };
		6B5B495F2EE966C8001C9752 /* a2a3-selectortramps-arm.s */ = {isa = PBXFileReference; lastKnownFileType = sourcecode.asm; path = "a2a3-selectortramps-arm.s"; sourceTree = "<group>"; };
		6B5B49612EE966C8001C9752 /* a2a3-selectortramps-i386.s */ = {isa = PBXFileReference; lastKnownFileType = sourcecode.asm; path = "a2a3-selectortramps-i386.s"; sourceTree = "<group>"; };
		6B5B49632EE966C8001C9752 /* a2a3-selectortramps-x86_64.s */ = {isa = PBXFileReference; lastKnownFileType = sourcecode.asm; path = "a2a3-selectortramps-x86_64.s"; sourceTree = "<group>"; };
		6B5B49652EE966C8001C9752 /* OCMethodTrace.h */ = {isa = PBXFileReference; lastKnownFileType = sourcecode.c.h; path = OCMethodTrace.h; sourceTree = "<group>"; };
		6B5B49672EE966C8001C9752 /* OCMethodTrace.m */ = {isa = PBXFileReference; lastKnownFileType = sourcecode.c.objc; path = OCMethodTrace.m; sourceTree = "<group>"; };
		6B5B49692EE966C8001C9752 /* OCSelectorTrampolines.h */ = {isa = PBXFileReference; lastKnownFileType = sourcecode.c.h; path = OCSelectorTrampolines.h; sourceTree = "<group>"; };
		6B5B496B2EE966C8001C9752 /* OCSelectorTrampolines.mm */ = {isa = PBXFileReference; lastKnownFileType = sourcecode.cpp.objcpp; path = OCSelectorTrampolines.mm; sourceTree = "<group>"; };
		6B5B496D2EE966C8001C9752 /* selectortramps.mac */ = {isa = PBXFileReference; lastKnownFileType = text; path = selectortramps.mac; sourceTree = "<group>"; };
		6B5B496F2EE966C8001C9752 /* LLDBTools.h */ = {isa = PBXFileReference; lastKnownFileType = sourcecode.c.h; path = LLDBTools.h; sourceTree = "<group>"; };
		6B5B49712EE966C8001C9752 /* LLDBTools.mm */ = {isa = PBXFileReference; lastKnownFileType = sourcecode.cpp.objcpp; path = LLDBTools.mm; sourceTree = "<group>"; };
		6B5B49742EE966C8001C9752 /* I2CppDumperDylib-Prefix.pch */ = {isa = PBXFileReference; lastKnownFileType = sourcecode.c.h; name = "I2CppDumperDylib-Prefix.pch"; path = "../I2CppDumperDylib-Prefix.pch"; sourceTree = "<group>"; };
		6B5B49762EE966C8001C9752 /* AntiAntiDebug.m */ = {isa = PBXFileReference; lastKnownFileType = sourcecode.c.objc; path = AntiAntiDebug.m; sourceTree = "<group>"; };
		6B5B49792EE966C8001C9752 /* fishhook.c */ = {isa = PBXFileReference; lastKnownFileType = sourcecode.c.c; path = fishhook.c; sourceTree = "<group>"; };
		6B5B497B2EE966C8001C9752 /* fishhook.h */ = {isa = PBXFileReference; lastKnownFileType = sourcecode.c.h; path = fishhook.h; sourceTree = "<group>"; };
		6B5B497D2EE966C8001C9752 /* I2CppDumperDylib.h */ = {isa = PBXFileReference; lastKnownFileType = sourcecode.c.h; path = I2CppDumperDylib.h; sourceTree = "<group>"; };
		6B5B497F2EE966C8001C9752 /* I2CppDumperDylib.m */ = {isa = PBXFileReference; lastKnownFileType = sourcecode.c.objc; path = I2CppDumperDylib.m; sourceTree = "<group>"; };
		6B5B4ADA2EE9841D001C9752 /* config.h */ = {isa = PBXFileReference; lastKnownFileType = sourcecode.c.h; path = config.h; sourceTree = "<group>"; };
		6B5B4ADB2EE9841D001C9752 /* Dumper.hpp */ = {isa = PBXFileReference; lastKnownFileType = sourcecode.cpp.h; path = Dumper.hpp; sourceTree = "<group>"; };
		6B5B4ADC2EE9841D001C9752 /* Dumper.cpp */ = {isa = PBXFileReference; lastKnownFileType = sourcecode.cpp.cpp; path = Dumper.cpp; sourceTree = "<group>"; };
		6B5B4ADD2EE9841D001C9752 /* Il2cpp.hpp */ = {isa = PBXFileReference; lastKnownFileType = sourcecode.cpp.h; path = Il2cpp.hpp; sourceTree = "<group>"; };
		6B5B4ADE2EE9841D001C9752 /* Il2cpp.cpp */ = {isa = PBXFileReference; lastKnownFileType = sourcecode.cpp.cpp; path = Il2cpp.cpp; sourceTree = "<group>"; };
		6B5B4ADF2EE9841D001C9752 /* il2cpp-tabledefs.h */ = {isa = PBXFileReference; lastKnownFileType = sourcecode.c.h; path = "il2cpp-tabledefs.h"; sourceTree = "<group>"; };
		6B5B4AE02EE9841D001C9752 /* Util.hpp */ = {isa = PBXFileReference; lastKnownFileType = sourcecode.cpp.h; path = Util.hpp; sourceTree = "<group>"; };
		6B5B4AE92EE98428001C9752 /* json.hpp */ = {isa = PBXFileReference; lastKnownFileType = sourcecode.cpp.h; path = json.hpp; sourceTree = "<group>"; };
		6B5B4AEA2EE98428001C9752 /* LICENSE.MIT */ = {isa = PBXFileReference; lastKnownFileType = text; path = LICENSE.MIT; sourceTree = "<group>"; };
		6B5B4AEC2EE98428001C9752 /* LICENSE */ = {isa = PBXFileReference; lastKnownFileType = text; path = LICENSE; sourceTree = "<group>"; };
		6B5B4AED2EE98428001C9752 /* SCLAlertView.h */ = {isa = PBXFileReference; lastKnownFileType = sourcecode.c.h; path = SCLAlertView.h; sourceTree = "<group>"; };
		6B5B4AEE2EE98428001C9752 /* SCLAlertView.m */ = {isa = PBXFileReference; lastKnownFileType = sourcecode.c.objc; path = SCLAlertView.m; sourceTree = "<group>"; };
		6B5B4AEF2EE98428001C9752 /* SCLAlertViewResponder.h */ = {isa = PBXFileReference; lastKnownFileType = sourcecode.c.h; path = SCLAlertViewResponder.h; sourceTree = "<group>"; };
		6B5B4AF02EE98428001C9752 /* SCLAlertViewResponder.m */ = {isa = PBXFileReference; lastKnownFileType = sourcecode.c.objc; path = SCLAlertViewResponder.m; sourceTree = "<group>"; };
		6B5B4AF12EE98428001C9752 /* SCLAlertViewStyleKit.h */ = {isa = PBXFileReference; lastKnownFileType = sourcecode.c.h; path = SCLAlertViewStyleKit.h; sourceTree = "<group>"; };
		6B5B4AF22EE98428001C9752 /* SCLAlertViewStyleKit.m */ = {isa = PBXFileReference; lastKnownFileType = sourcecode.c.objc; path = SCLAlertViewStyleKit.m; sourceTree = "<group>"; };
		6B5B4AF32EE98428001C9752 /* SCLButton.h */ = {isa = PBXFileReference; lastKnownFileType = sourcecode.c.h; path = SCLButton.h; sourceTree = "<group>"; };
		6B5B4AF42EE98428001C9752 /* SCLButton.m */ = {isa = PBXFileReference; lastKnownFileType = sourcecode.c.objc; path = SCLButton.m; sourceTree = "<group>"; };
		6B5B4AF52EE98428001C9752 /* SCLMacros.h */ = {isa = PBXFileReference; lastKnownFileType = sourcecode.c.h; path = SCLMacros.h; sourceTree = "<group>"; };
		6B5B4AF62EE98428001C9752 /* SCLSwitchView.h */ = {isa = PBXFileReference; lastKnownFileType = sourcecode.c.h; path = SCLSwitchView.h; sourceTree = "<group>"; };
		6B5B4AF72EE98428001C9752 /* SCLSwitchView.m */ = {isa = PBXFileReference; lastKnownFileType = sourcecode.c.objc; path = SCLSwitchView.m; sourceTree = "<group>"; };
		6B5B4AF82EE98428001C9752 /* SCLTextView.h */ = {isa = PBXFileReference; lastKnownFileType = sourcecode.c.h; path = SCLTextView.h; sourceTree = "<group>"; };
		6B5B4AF92EE98428001C9752 /* SCLTextView.m */ = {isa = PBXFileReference; lastKnownFileType = sourcecode.c.objc; path = SCLTextView.m; sourceTree = "<group>"; };
		6B5B4AFA2EE98428001C9752 /* SCLTimerDisplay.h */ = {isa = PBXFileReference; lastKnownFileType = sourcecode.c.h; path = SCLTimerDisplay.h; sourceTree = "<group>"; };
		6B5B4AFB2EE98428001C9752 /* SCLTimerDisplay.m */ = {isa = PBXFileReference; lastKnownFileType = sourcecode.c.objc; path = SCLTimerDisplay.m; sourceTree = "<group>"; };
		6B5B4AFC2EE98428001C9752 /* UIImage+ImageEffects.h */ = {isa = PBXFileReference; lastKnownFileType = sourcecode.c.h; path = "UIImage+ImageEffects.h"; sourceTree = "<group>"; };
		6B5B4AFD2EE98428001C9752 /* UIImage+ImageEffects.m */ = {isa = PBXFileReference; lastKnownFileType = sourcecode.c.objc; path = "UIImage+ImageEffects.m"; sourceTree = "<group>"; };
		6B5B4AFF2EE98428001C9752 /* LICENSE */ = {isa = PBXFileReference; lastKnownFileType = text; path = LICENSE; sourceTree = "<group>"; };
		6B5B4B002EE98428001C9752 /* mz.h */ = {isa = PBXFileReference; lastKnownFileType = sourcecode.c.h; path = mz.h; sourceTree = "<group>"; };
		6B5B4B012EE98428001C9752 /* mz_compat.h */ = {isa = PBXFileReference; lastKnownFileType = sourcecode.c.h; path = mz_compat.h; sourceTree = "<group>"; };
		6B5B4B022EE98428001C9752 /* mz_compat.c */ = {isa = PBXFileReference; lastKnownFileType = sourcecode.c.c; path = mz_compat.c; sourceTree = "<group>"; };
		6B5B4B032EE98428001C9752 /* mz_crypt.h */ = {isa = PBXFileReference; lastKnownFileType = sourcecode.c.h; path = mz_crypt.h; sourceTree = "<group>"; };
		6B5B4B042EE98428001C9752 /* mz_crypt.c */ = {isa = PBXFileReference; lastKnownFileType = sourcecode.c.c; path = mz_crypt.c; sourceTree = "<group>"; };
		6B5B4B052EE98428001C9752 /* mz_crypt_apple.c */ = {isa = PBXFileReference; lastKnownFileType = sourcecode.c.c; path = mz_crypt_apple.c; sourceTree = "<group>"; };
		6B5B4B062EE98428001C9752 /* mz_os.h */ = {isa = PBXFileReference; lastKnownFileType = sourcecode.c.h; path = mz_os.h; sourceTree = "<group>"; };
		6B5B4B072EE98428001C9752 /* mz_os.c */ = {isa = PBXFileReference; lastKnownFileType = sourcecode.c.c; path = mz_os.c; sourceTree = "<group>"; };
		6B5B4B082EE98428001C9752 /* mz_os_posix.c */ = {isa = PBXFileReference; lastKnownFileType = sourcecode.c.c; path = mz_os_posix.c; sourceTree = "<group>"; };
		6B5B4B092EE98428001C9752 /* mz_strm.h */ = {isa = PBXFileReference; lastKnownFileType = sourcecode.c.h; path = mz_strm.h; sourceTree = "<group>"; };
		6B5B4B0A2EE98428001C9752 /* mz_strm.c */ = {isa = PBXFileReference; lastKnownFileType = sourcecode.c.c; path = mz_strm.c; sourceTree = "<group>"; };
		6B5B4B0B2EE98428001C9752 /* mz_strm_buf.h */ = {isa = PBXFileReference; lastKnownFileType = sourcecode.c.h; path = mz_strm_buf.h; sourceTree = "<group>"; };
		6B5B4B0C2EE98428001C9752 /* mz_strm_buf.c */ = {isa = PBXFileReference; lastKnownFileType = sourcecode.c.c; path = mz_strm_buf.c; sourceTree = "<group>"; };
		6B5B4B0D2EE98428001C9752 /* mz_strm_mem.h */ = {isa = PBXFileReference; lastKnownFileType = sourcecode.c.h; path = mz_strm_mem.h; sourceTree = "<group>"; };
		6B5B4B0E2EE98428001C9752 /* mz_strm_mem.c */ = {isa = PBXFileReference; lastKnownFileType = sourcecode.c.c; path = mz_strm_mem.c; sourceTree = "<group>"; };
		6B5B4B0F2EE98428001C9752 /* mz_strm_os.h */ = {isa = PBXFileReference; lastKnownFileType = sourcecode.c.h; path = mz_strm_os.h; sourceTree = "<group>"; };
		6B5B4B102EE98428001C9752 /* mz_strm_os_posix.c */ = {isa = PBXFileReference; lastKnownFileType = sourcecode.c.c; path = mz_strm_os_posix.c; sourceTree = "<group>"; };
		6B5B4B112EE98428001C9752 /* mz_strm_pkcrypt.h */ = {isa = PBXFileReference; lastKnownFileType = sourcecode.c.h; path = mz_strm_pkcrypt.h; sourceTree = "<group>"; };
		6B5B4B122EE98428001C9752 /* mz_strm_pkcrypt.c */ = {isa = PBXFileReference; lastKnownFileType = sourcecode.c.c; path = mz_strm_pkcrypt.c; sourceTree = "<group>"; };
		6B5B4B132EE98428001C9752 /* mz_strm_split.h */ = {isa = PBXFileReference; lastKnownFileType = sourcecode.c.h; path = mz_strm_split.h; sourceTree = "<group>"; };
		6B5B4B142EE98428001C9752 /* mz_strm_split.c */ = {isa = PBXFileReference; lastKnownFileType = sourcecode.c.c; path = mz_strm_split.c; sourceTree = "<group>"; };
		6B5B4B152EE98428001C9752 /* mz_strm_wzaes.h */ = {isa = PBXFileReference; lastKnownFileType = sourcecode.c.h; path = mz_strm_wzaes.h; sourceTree = "<group>"; };
		6B5B4B162EE98428001C9752 /* mz_strm_wzaes.c */ = {isa = PBXFileReference; lastKnownFileType = sourcecode.c.c; path = mz_strm_wzaes.c; sourceTree = "<group>"; };
		6B5B4B172EE98428001C9752 /* mz_strm_zlib.h */ = {isa = PBXFileReference; lastKnownFileType = sourcecode.c.h; path = mz_strm_zlib.h; sourceTree = "<group>"; };
		6B5B4B182EE98428001C9752 /* mz_strm_zlib.c */ = {isa = PBXFileReference; lastKnownFileType = sourcecode.c.c; path = mz_strm_zlib.c; sourceTree = "<group>"; };
		6B5B4B192EE98428001C9752 /* mz_zip.h */ = {isa = PBXFileReference; lastKnownFileType = sourcecode.c.h; path = mz_zip.h; sourceTree = "<group>"; };
		6B5B4B1A2EE98428001C9752 /* mz_zip.c */ = {isa = PBXFileReference; lastKnownFileType = sourcecode.c.c; path = mz_zip.c; sourceTree = "<group>"; };
		6B5B4B1B2EE98428001C9752 /* mz_zip_rw.h */ = {isa = PBXFileReference; lastKnownFileType = sourcecode.c.h; path = mz_zip_rw.h; sourceTree = "<group>"; };
		6B5B4B1C2EE98428001C9752 /* mz_zip_rw.c */ = {isa = PBXFileReference; lastKnownFileType = sourcecode.c.c; path = mz_zip_rw.c; sourceTree = "<group>"; };
		6B5B4B1E2EE98428001C9752 /* LICENSE.txt */ = {isa = PBXFileReference; lastKnownFileType = text; path = LICENSE.txt; sourceTree = "<group>"; };
		6B5B4B1F2EE98428001C9752 /* SSZipArchive.h */ = {isa = PBXFileReference; lastKnownFileType = sourcecode.c.h; path = SSZipArchive.h; sourceTree = "<group>"; };
		6B5B4B202EE98428001C9752 /* SSZipArchive.m */ = {isa = PBXFileReference; lastKnownFileType = sourcecode.c.objc; path = SSZipArchive.m; sourceTree = "<group>"; };
		6B5B4B212EE98428001C9752 /* SSZipCommon.h */ = {isa = PBXFileReference; lastKnownFileType = sourcecode.c.h; path = SSZipCommon.h; sourceTree = "<group>"; };
		6B5B4B222EE98428001C9752 /* ZipArchive.h */ = {isa = PBXFileReference; lastKnownFileType = sourcecode.c.h; path = ZipArchive.h; sourceTree = "<group>"; };
		6B5B4B242EE98428001C9752 /* types.h */ = {isa = PBXFileReference; lastKnownFileType = sourcecode.c.h; path = types.h; sourceTree = "<group>"; };
		6B5B4B5A2EE98438001C9752 /* I2CppDumperInit.h */ = {isa = PBXFileReference; lastKnownFileType = sourcecode.c.h; path = I2CppDumperInit.h; sourceTree = "<group>"; };
		6B5B4B5B2EE98438001C9752 /* I2CppDumperInit.m */ = {isa = PBXFileReference; lastKnownFileType = sourcecode.c.objc; path = I2CppDumperInit.m; sourceTree = "<group>"; };
		6B5B4B5C2EE98438001C9752 /* Il2CppDumpEntry.mm */ = {isa = PBXFileReference; lastKnownFileType = sourcecode.cpp.objcpp; path = Il2CppDumpEntry.mm; sourceTree = "<group>"; };
		6B5B4B602EE98444001C9752 /* I2CppDumperDylib-Prefix.pch */ = {isa = PBXFileReference; lastKnownFileType = sourcecode.c.h; path = "I2CppDumperDylib-Prefix.pch"; sourceTree = "<group>"; };
		6B5B4B662EE9849C001C9752 /* AlertUtils.h */ = {isa = PBXFileReference; lastKnownFileType = sourcecode.c.h; path = AlertUtils.h; sourceTree = "<group>"; };
		6B5B4B672EE9849C001C9752 /* AlertUtils.mm */ = {isa = PBXFileReference; lastKnownFileType = sourcecode.cpp.objcpp; path = AlertUtils.mm; sourceTree = "<group>"; };
/* End PBXFileReference section */

/* Begin PBXFileSystemSynchronizedBuildFileExceptionSet section */
		6B5B49812EE966C8001C9752 /* Exceptions for "I2CppDumper" folder in "I2CppDumper" target */ = {
			isa = PBXFileSystemSynchronizedBuildFileExceptionSet;
			membershipExceptions = (
				icon.png,
				Info.plist,
				"Scripts/quick-resign.sh",
				"TargetApp/put ipa or app here",
			);
			target = 6B5B49272EE966C8001C9752 /* I2CppDumper */;
		};
/* End PBXFileSystemSynchronizedBuildFileExceptionSet section */

/* Begin PBXFileSystemSynchronizedRootGroup section */
		6B5B492A2EE966C8001C9752 /* I2CppDumper */ = {
			isa = PBXFileSystemSynchronizedRootGroup;
			exceptions = (
				6B5B49812EE966C8001C9752 /* Exceptions for "I2CppDumper" folder in "I2CppDumper" target */,
			);
			path = I2CppDumper;
			sourceTree = "<group>";
		};
/* End PBXFileSystemSynchronizedRootGroup section */

/* Begin PBXFrameworksBuildPhase section */
		6B5B49222EE966C8001C9752 /* Frameworks */ = {
			isa = PBXFrameworksBuildPhase;
			buildActionMask = 2147483647;
			files = (
			);
			runOnlyForDeploymentPostprocessing = 0;
		};
		6B5B49362EE966C8001C9752 /* Frameworks */ = {
			isa = PBXFrameworksBuildPhase;
			buildActionMask = 2147483647;
			files = (
				6B5B493F2EE966C8001C9752 /* JavaScriptCore.framework in Frameworks */,
				6B5B49432EE966C8001C9752 /* UIKit.framework in Frameworks */,
				6B5B49412EE966C8001C9752 /* Foundation.framework in Frameworks */,
			);
			runOnlyForDeploymentPostprocessing = 0;
		};
/* End PBXFrameworksBuildPhase section */

/* Begin PBXGroup section */
		6B5B491C2EE966C8001C9752 = {
			isa = PBXGroup;
			children = (
				6B5B492A2EE966C8001C9752 /* I2CppDumper */,
				6B5B49442EE966C8001C9752 /* I2CppDumperDylib */,
				6B5B493D2EE966C8001C9752 /* Frameworks */,
				6B5B49292EE966C8001C9752 /* Products */,
			);
			sourceTree = "<group>";
		};
		6B5B49292EE966C8001C9752 /* Products */ = {
			isa = PBXGroup;
			children = (
				6B5B49282EE966C8001C9752 /* I2CppDumper.app */,
				6B5B49392EE966C8001C9752 /* libI2CppDumperDylib.dylib */,
			);
			name = Products;
			sourceTree = "<group>";
		};
		6B5B493D2EE966C8001C9752 /* Frameworks */ = {
			isa = PBXGroup;
			children = (
				6B5B493E2EE966C8001C9752 /* JavaScriptCore.framework */,
				6B5B49402EE966C8001C9752 /* Foundation.framework */,
				6B5B49422EE966C8001C9752 /* UIKit.framework */,
			);
			name = Frameworks;
			sourceTree = "<group>";
		};
		6B5B49442EE966C8001C9752 /* I2CppDumperDylib */ = {
			isa = PBXGroup;
			children = (
				6B5B4B252EE98428001C9752 /* includes */,
				6B5B4AE12EE9841D001C9752 /* Core */,
				6B5B4B662EE9849C001C9752 /* AlertUtils.h */,
				6B5B4B672EE9849C001C9752 /* AlertUtils.mm */,
				6B5B497D2EE966C8001C9752 /* I2CppDumperDylib.h */,
				6B5B497F2EE966C8001C9752 /* I2CppDumperDylib.m */,
				6B5B4B5A2EE98438001C9752 /* I2CppDumperInit.h */,
				6B5B4B5B2EE98438001C9752 /* I2CppDumperInit.m */,
				6B5B4B5C2EE98438001C9752 /* Il2CppDumpEntry.mm */,
				6B5B49452EE966C8001C9752 /* Logos */,
				6B5B49492EE966C8001C9752 /* Config */,
				6B5B49562EE966C8001C9752 /* Trace */,
				6B5B496E2EE966C8001C9752 /* Tools */,
				6B5B49752EE966C8001C9752 /* AntiAntiDebug */,
				6B5B49782EE966C8001C9752 /* fishhook */,
				6B5B49732EE966C8001C9752 /* Supporting Files */,
				6B5B4B602EE98444001C9752 /* I2CppDumperDylib-Prefix.pch */,
			);
			path = I2CppDumperDylib;
			sourceTree = "<group>";
		};
		6B5B49452EE966C8001C9752 /* Logos */ = {
			isa = PBXGroup;
			children = (
				6B5B49462EE966C8001C9752 /* I2CppDumperDylib.xm */,
				6B5B49472EE966C8001C9752 /* I2CppDumperDylib.mm */,
			);
			path = Logos;
			sourceTree = "<group>";
		};
		6B5B49492EE966C8001C9752 /* Config */ = {
			isa = PBXGroup;
			children = (
				6B5B494A2EE966C8001C9752 /* MDConfigManager.h */,
				6B5B494C2EE966C8001C9752 /* MDConfigManager.m */,
				6B5B494E2EE966C8001C9752 /* MDCycriptManager.h */,
				6B5B49502EE966C8001C9752 /* MDCycriptManager.m */,
				6B5B49522EE966C8001C9752 /* MDMethodTrace.h */,
				6B5B49542EE966C8001C9752 /* MDMethodTrace.m */,
			);
			path = Config;
			sourceTree = "<group>";
		};
		6B5B49562EE966C8001C9752 /* Trace */ = {
			isa = PBXGroup;
			children = (
				6B5B49572EE966C8001C9752 /* a1a2-selectortramps-arm.s */,
				6B5B49592EE966C8001C9752 /* a1a2-selectortramps-arm64.s */,
				6B5B495B2EE966C8001C9752 /* a1a2-selectortramps-i386.s */,
				6B5B495D2EE966C8001C9752 /* a1a2-selectortramps-x86_64.s */,
				6B5B495F2EE966C8001C9752 /* a2a3-selectortramps-arm.s */,
				6B5B49612EE966C8001C9752 /* a2a3-selectortramps-i386.s */,
				6B5B49632EE966C8001C9752 /* a2a3-selectortramps-x86_64.s */,
				6B5B49652EE966C8001C9752 /* OCMethodTrace.h */,
				6B5B49672EE966C8001C9752 /* OCMethodTrace.m */,
				6B5B49692EE966C8001C9752 /* OCSelectorTrampolines.h */,
				6B5B496B2EE966C8001C9752 /* OCSelectorTrampolines.mm */,
				6B5B496D2EE966C8001C9752 /* selectortramps.mac */,
			);
			path = Trace;
			sourceTree = "<group>";
		};
		6B5B496E2EE966C8001C9752 /* Tools */ = {
			isa = PBXGroup;
			children = (
				6B5B496F2EE966C8001C9752 /* LLDBTools.h */,
				6B5B49712EE966C8001C9752 /* LLDBTools.mm */,
			);
			path = Tools;
			sourceTree = "<group>";
		};
		6B5B49732EE966C8001C9752 /* Supporting Files */ = {
			isa = PBXGroup;
			children = (
				6B5B49742EE966C8001C9752 /* I2CppDumperDylib-Prefix.pch */,
			);
			path = "Supporting Files";
			sourceTree = "<group>";
		};
		6B5B49752EE966C8001C9752 /* AntiAntiDebug */ = {
			isa = PBXGroup;
			children = (
				6B5B49762EE966C8001C9752 /* AntiAntiDebug.m */,
			);
			path = AntiAntiDebug;
			sourceTree = "<group>";
		};
		6B5B49782EE966C8001C9752 /* fishhook */ = {
			isa = PBXGroup;
			children = (
				6B5B49792EE966C8001C9752 /* fishhook.c */,
				6B5B497B2EE966C8001C9752 /* fishhook.h */,
			);
			path = fishhook;
			sourceTree = "<group>";
		};
		6B5B4AE12EE9841D001C9752 /* Core */ = {
			isa = PBXGroup;
			children = (
				6B5B4ADA2EE9841D001C9752 /* config.h */,
				6B5B4ADB2EE9841D001C9752 /* Dumper.hpp */,
				6B5B4ADC2EE9841D001C9752 /* Dumper.cpp */,
				6B5B4ADD2EE9841D001C9752 /* Il2cpp.hpp */,
				6B5B4ADE2EE9841D001C9752 /* Il2cpp.cpp */,
				6B5B4ADF2EE9841D001C9752 /* il2cpp-tabledefs.h */,
				6B5B4AE02EE9841D001C9752 /* Util.hpp */,
			);
			path = Core;
			sourceTree = "<group>";
		};
		6B5B4AEB2EE98428001C9752 /* nlohmann */ = {
			isa = PBXGroup;
			children = (
				6B5B4AE92EE98428001C9752 /* json.hpp */,
				6B5B4AEA2EE98428001C9752 /* LICENSE.MIT */,
			);
			path = nlohmann;
			sourceTree = "<group>";
		};
		6B5B4AFE2EE98428001C9752 /* SCLAlertView */ = {
			isa = PBXGroup;
			children = (
				6B5B4AEC2EE98428001C9752 /* LICENSE */,
				6B5B4AED2EE98428001C9752 /* SCLAlertView.h */,
				6B5B4AEE2EE98428001C9752 /* SCLAlertView.m */,
				6B5B4AEF2EE98428001C9752 /* SCLAlertViewResponder.h */,
				6B5B4AF02EE98428001C9752 /* SCLAlertViewResponder.m */,
				6B5B4AF12EE98428001C9752 /* SCLAlertViewStyleKit.h */,
				6B5B4AF22EE98428001C9752 /* SCLAlertViewStyleKit.m */,
				6B5B4AF32EE98428001C9752 /* SCLButton.h */,
				6B5B4AF42EE98428001C9752 /* SCLButton.m */,
				6B5B4AF52EE98428001C9752 /* SCLMacros.h */,
				6B5B4AF62EE98428001C9752 /* SCLSwitchView.h */,
				6B5B4AF72EE98428001C9752 /* SCLSwitchView.m */,
				6B5B4AF82EE98428001C9752 /* SCLTextView.h */,
				6B5B4AF92EE98428001C9752 /* SCLTextView.m */,
				6B5B4AFA2EE98428001C9752 /* SCLTimerDisplay.h */,
				6B5B4AFB2EE98428001C9752 /* SCLTimerDisplay.m */,
				6B5B4AFC2EE98428001C9752 /* UIImage+ImageEffects.h */,
				6B5B4AFD2EE98428001C9752 /* UIImage+ImageEffects.m */,
			);
			path = SCLAlertView;
			sourceTree = "<group>";
		};
		6B5B4B1D2EE98428001C9752 /* minizip */ = {
			isa = PBXGroup;
			children = (
				6B5B4AFF2EE98428001C9752 /* LICENSE */,
				6B5B4B002EE98428001C9752 /* mz.h */,
				6B5B4B012EE98428001C9752 /* mz_compat.h */,
				6B5B4B022EE98428001C9752 /* mz_compat.c */,
				6B5B4B032EE98428001C9752 /* mz_crypt.h */,
				6B5B4B042EE98428001C9752 /* mz_crypt.c */,
				6B5B4B052EE98428001C9752 /* mz_crypt_apple.c */,
				6B5B4B062EE98428001C9752 /* mz_os.h */,
				6B5B4B072EE98428001C9752 /* mz_os.c */,
				6B5B4B082EE98428001C9752 /* mz_os_posix.c */,
				6B5B4B092EE98428001C9752 /* mz_strm.h */,
				6B5B4B0A2EE98428001C9752 /* mz_strm.c */,
				6B5B4B0B2EE98428001C9752 /* mz_strm_buf.h */,
				6B5B4B0C2EE98428001C9752 /* mz_strm_buf.c */,
				6B5B4B0D2EE98428001C9752 /* mz_strm_mem.h */,
				6B5B4B0E2EE98428001C9752 /* mz_strm_mem.c */,
				6B5B4B0F2EE98428001C9752 /* mz_strm_os.h */,
				6B5B4B102EE98428001C9752 /* mz_strm_os_posix.c */,
				6B5B4B112EE98428001C9752 /* mz_strm_pkcrypt.h */,
				6B5B4B122EE98428001C9752 /* mz_strm_pkcrypt.c */,
				6B5B4B132EE98428001C9752 /* mz_strm_split.h */,
				6B5B4B142EE98428001C9752 /* mz_strm_split.c */,
				6B5B4B152EE98428001C9752 /* mz_strm_wzaes.h */,
				6B5B4B162EE98428001C9752 /* mz_strm_wzaes.c */,
				6B5B4B172EE98428001C9752 /* mz_strm_zlib.h */,
				6B5B4B182EE98428001C9752 /* mz_strm_zlib.c */,
				6B5B4B192EE98428001C9752 /* mz_zip.h */,
				6B5B4B1A2EE98428001C9752 /* mz_zip.c */,
				6B5B4B1B2EE98428001C9752 /* mz_zip_rw.h */,
				6B5B4B1C2EE98428001C9752 /* mz_zip_rw.c */,
			);
			path = minizip;
			sourceTree = "<group>";
		};
		6B5B4B232EE98428001C9752 /* SSZipArchive */ = {
			isa = PBXGroup;
			children = (
				6B5B4B1D2EE98428001C9752 /* minizip */,
				6B5B4B1E2EE98428001C9752 /* LICENSE.txt */,
				6B5B4B1F2EE98428001C9752 /* SSZipArchive.h */,
				6B5B4B202EE98428001C9752 /* SSZipArchive.m */,
				6B5B4B212EE98428001C9752 /* SSZipCommon.h */,
				6B5B4B222EE98428001C9752 /* ZipArchive.h */,
			);
			path = SSZipArchive;
			sourceTree = "<group>";
		};
		6B5B4B252EE98428001C9752 /* includes */ = {
			isa = PBXGroup;
			children = (
				6B5B4AEB2EE98428001C9752 /* nlohmann */,
				6B5B4AFE2EE98428001C9752 /* SCLAlertView */,
				6B5B4B232EE98428001C9752 /* SSZipArchive */,
				6B5B4B242EE98428001C9752 /* types.h */,
			);
			path = includes;
			sourceTree = "<group>";
		};
/* End PBXGroup section */

/* Begin PBXHeadersBuildPhase section */
		6B5B49372EE966C8001C9752 /* Headers */ = {
			isa = PBXHeadersBuildPhase;
			buildActionMask = 2147483647;
			files = (
				6B5B4AE42EE9841D001C9752 /* il2cpp-tabledefs.h in Headers */,
				6B5B4AE52EE9841D001C9752 /* Dumper.hpp in Headers */,
				6B5B4AE62EE9841D001C9752 /* Il2cpp.hpp in Headers */,
				6B5B4AE72EE9841D001C9752 /* Util.hpp in Headers */,
				6B5B4B5F2EE98438001C9752 /* I2CppDumperInit.h in Headers */,
				6B5B4AE82EE9841D001C9752 /* config.h in Headers */,
				6B5B494F2EE966C8001C9752 /* MDCycriptManager.h in Headers */,
				6B5B49532EE966C8001C9752 /* MDMethodTrace.h in Headers */,
				6B5B497C2EE966C8001C9752 /* fishhook.h in Headers */,
				6B5B4B3E2EE98428001C9752 /* SCLMacros.h in Headers */,
				6B5B4B3F2EE98428001C9752 /* mz_crypt.h in Headers */,
				6B5B4B402EE98428001C9752 /* mz_zip_rw.h in Headers */,
				6B5B4B412EE98428001C9752 /* SCLTextView.h in Headers */,
				6B5B4B422EE98428001C9752 /* mz_strm.h in Headers */,
				6B5B4B432EE98428001C9752 /* SCLSwitchView.h in Headers */,
				6B5B4B442EE98428001C9752 /* mz.h in Headers */,
				6B5B4B452EE98428001C9752 /* mz_strm_wzaes.h in Headers */,
				6B5B4B462EE98428001C9752 /* mz_zip.h in Headers */,
				6B5B4B472EE98428001C9752 /* SSZipArchive.h in Headers */,
				6B5B4B692EE9849C001C9752 /* AlertUtils.h in Headers */,
				6B5B4B482EE98428001C9752 /* mz_strm_os.h in Headers */,
				6B5B4B492EE98428001C9752 /* json.hpp in Headers */,
				6B5B4B4A2EE98428001C9752 /* mz_strm_zlib.h in Headers */,
				6B5B4B4B2EE98428001C9752 /* mz_os.h in Headers */,
				6B5B4B4C2EE98428001C9752 /* mz_compat.h in Headers */,
				6B5B4B4D2EE98428001C9752 /* types.h in Headers */,
				6B5B4B4E2EE98428001C9752 /* mz_strm_buf.h in Headers */,
				6B5B4B4F2EE98428001C9752 /* mz_strm_pkcrypt.h in Headers */,
				6B5B4B502EE98428001C9752 /* UIImage+ImageEffects.h in Headers */,
				6B5B4B612EE98444001C9752 /* I2CppDumperDylib-Prefix.pch in Headers */,
				6B5B4B512EE98428001C9752 /* SCLTimerDisplay.h in Headers */,
				6B5B4B522EE98428001C9752 /* ZipArchive.h in Headers */,
				6B5B4B532EE98428001C9752 /* SCLAlertViewResponder.h in Headers */,
				6B5B4B542EE98428001C9752 /* SCLAlertView.h in Headers */,
				6B5B4B552EE98428001C9752 /* mz_strm_split.h in Headers */,
				6B5B4B562EE98428001C9752 /* SCLButton.h in Headers */,
				6B5B4B572EE98428001C9752 /* mz_strm_mem.h in Headers */,
				6B5B4B582EE98428001C9752 /* SSZipCommon.h in Headers */,
				6B5B4B592EE98428001C9752 /* SCLAlertViewStyleKit.h in Headers */,
				6B5B49702EE966C8001C9752 /* LLDBTools.h in Headers */,
				6B5B494B2EE966C8001C9752 /* MDConfigManager.h in Headers */,
				6B5B496A2EE966C8001C9752 /* OCSelectorTrampolines.h in Headers */,
				6B5B49662EE966C8001C9752 /* OCMethodTrace.h in Headers */,
				6B5B497E2EE966C8001C9752 /* I2CppDumperDylib.h in Headers */,
			);
			runOnlyForDeploymentPostprocessing = 0;
		};
/* End PBXHeadersBuildPhase section */

/* Begin PBXNativeTarget section */
		6B5B49272EE966C8001C9752 /* I2CppDumper */ = {
			isa = PBXNativeTarget;
			buildConfigurationList = 6B5B49852EE966C8001C9752 /* Build configuration list for PBXNativeTarget "I2CppDumper" */;
			buildPhases = (
				6B5B49212EE966C8001C9752 /* Sources */,
				6B5B49222EE966C8001C9752 /* Frameworks */,
				6B5B49232EE966C8001C9752 /* ShellScript */,
				6B5B49242EE966C8001C9752 /* Resources */,
				6B5B49252EE966C8001C9752 /* Copy Files */,
				6B5B49262EE966C8001C9752 /* ShellScript */,
			);
			buildRules = (
			);
			dependencies = (
				6B5B493C2EE966C8001C9752 /* PBXTargetDependency */,
			);
			fileSystemSynchronizedGroups = (
				6B5B492A2EE966C8001C9752 /* I2CppDumper */,
			);
			name = I2CppDumper;
			packageProductDependencies = (
			);
			productName = I2CppDumper;
			productReference = 6B5B49282EE966C8001C9752 /* I2CppDumper.app */;
			productType = "com.apple.product-type.application";
		};
		6B5B49382EE966C8001C9752 /* I2CppDumperDylib */ = {
			isa = PBXNativeTarget;
			buildConfigurationList = 6B5B49822EE966C8001C9752 /* Build configuration list for PBXNativeTarget "I2CppDumperDylib" */;
			buildPhases = (
				6B5B49342EE966C8001C9752 /* ShellScript */,
				6B5B49352EE966C8001C9752 /* Sources */,
				6B5B49362EE966C8001C9752 /* Frameworks */,
				6B5B49372EE966C8001C9752 /* Headers */,
			);
			buildRules = (
			);
			dependencies = (
			);
			name = I2CppDumperDylib;
			packageProductDependencies = (
			);
			productName = I2CppDumperDylib;
			productReference = 6B5B49392EE966C8001C9752 /* libI2CppDumperDylib.dylib */;
			productType = "com.apple.product-type.library.dynamic";
		};
/* End PBXNativeTarget section */

/* Begin PBXProject section */
		6B5B491D2EE966C8001C9752 /* Project object */ = {
			isa = PBXProject;
			attributes = {
				BuildIndependentTargetsInParallel = 1;
				LastUpgradeCheck = 2610;
				TargetAttributes = {
					6B5B49272EE966C8001C9752 = {
						CreatedOnToolsVersion = 26.1.1;
					};
					6B5B49382EE966C8001C9752 = {
						CreatedOnToolsVersion = 26.1.1;
					};
				};
			};
			buildConfigurationList = 6B5B49202EE966C8001C9752 /* Build configuration list for PBXProject "I2CppDumper" */;
			developmentRegion = en;
			hasScannedForEncodings = 0;
			knownRegions = (
				en,
				Base,
			);
			mainGroup = 6B5B491C2EE966C8001C9752;
			minimizedProjectReferenceProxies = 1;
			preferredProjectObjectVersion = 77;
			productRefGroup = 6B5B49292EE966C8001C9752 /* Products */;
			projectDirPath = "";
			projectRoot = "";
			targets = (
				6B5B49272EE966C8001C9752 /* I2CppDumper */,
				6B5B49382EE966C8001C9752 /* I2CppDumperDylib */,
			);
		};
/* End PBXProject section */

/* Begin PBXResourcesBuildPhase section */
		6B5B49242EE966C8001C9752 /* Resources */ = {
			isa = PBXResourcesBuildPhase;
			buildActionMask = 2147483647;
			files = (
			);
			runOnlyForDeploymentPostprocessing = 0;
		};
/* End PBXResourcesBuildPhase section */

/* Begin PBXShellScriptBuildPhase section */
		6B5B49232EE966C8001C9752 /* ShellScript */ = {
			isa = PBXShellScriptBuildPhase;
			buildActionMask = 2147483647;
			files = (
			);
			inputFileListPaths = (
			);
			inputPaths = (
			);
			outputFileListPaths = (
			);
			outputPaths = (
			);
			runOnlyForDeploymentPostprocessing = 0;
			shellPath = /bin/sh;
			shellScript = "/opt/MonkeyDev/Tools/pack.sh\n";
		};
		6B5B49262EE966C8001C9752 /* ShellScript */ = {
			isa = PBXShellScriptBuildPhase;
			buildActionMask = 2147483647;
			files = (
			);
			inputFileListPaths = (
			);
			inputPaths = (
			);
			outputFileListPaths = (
			);
			outputPaths = (
			);
			runOnlyForDeploymentPostprocessing = 0;
			shellPath = /bin/sh;
			shellScript = "/opt/MonkeyDev/Tools/pack.sh codesign\n# 删除所有 Framework 和 PlugIn 中的 mobileprovision\nfind \"${BUILT_PRODUCTS_DIR}/${WRAPPER_NAME}\" -name \"embedded.mobileprovision\" -delete\n";
		};
		6B5B49342EE966C8001C9752 /* ShellScript */ = {
			isa = PBXShellScriptBuildPhase;
			buildActionMask = 2147483647;
			files = (
			);
			inputFileListPaths = (
			);
			inputPaths = (
			);
			outputFileListPaths = (
			);
			outputPaths = (
			);
			runOnlyForDeploymentPostprocessing = 0;
			shellPath = /bin/sh;
			shellScript = "/opt/MonkeyDev/bin/md --xcbp-logos";
		};
/* End PBXShellScriptBuildPhase section */

/* Begin PBXSourcesBuildPhase section */
		6B5B49212EE966C8001C9752 /* Sources */ = {
			isa = PBXSourcesBuildPhase;
			buildActionMask = 2147483647;
			files = (
			);
			runOnlyForDeploymentPostprocessing = 0;
		};
		6B5B49352EE966C8001C9752 /* Sources */ = {
			isa = PBXSourcesBuildPhase;
			buildActionMask = 2147483647;
			files = (
				6B5B49802EE966C8001C9752 /* I2CppDumperDylib.m in Sources */,
				6B5B49512EE966C8001C9752 /* MDCycriptManager.m in Sources */,
				6B5B495A2EE966C8001C9752 /* a1a2-selectortramps-arm64.s in Sources */,
				6B5B4B262EE98428001C9752 /* SSZipArchive.m in Sources */,
				6B5B4B272EE98428001C9752 /* mz_os_posix.c in Sources */,
				6B5B4B282EE98428001C9752 /* SCLAlertView.m in Sources */,
				6B5B4B292EE98428001C9752 /* mz_strm_split.c in Sources */,
				6B5B4B5D2EE98438001C9752 /* I2CppDumperInit.m in Sources */,
				6B5B4B5E2EE98438001C9752 /* Il2CppDumpEntry.mm in Sources */,
				6B5B4B2A2EE98428001C9752 /* mz_strm_os_posix.c in Sources */,
				6B5B4B2B2EE98428001C9752 /* SCLAlertViewResponder.m in Sources */,
				6B5B4B2C2EE98428001C9752 /* mz_zip_rw.c in Sources */,
				6B5B4B2D2EE98428001C9752 /* mz_strm_pkcrypt.c in Sources */,
				6B5B4B2E2EE98428001C9752 /* mz_crypt_apple.c in Sources */,
				6B5B4B2F2EE98428001C9752 /* SCLTimerDisplay.m in Sources */,
				6B5B4B302EE98428001C9752 /* mz_strm_zlib.c in Sources */,
				6B5B4B312EE98428001C9752 /* mz_compat.c in Sources */,
				6B5B4B322EE98428001C9752 /* SCLButton.m in Sources */,
				6B5B4B332EE98428001C9752 /* mz_strm.c in Sources */,
				6B5B4B342EE98428001C9752 /* UIImage+ImageEffects.m in Sources */,
				6B5B4B352EE98428001C9752 /* mz_crypt.c in Sources */,
				6B5B4B362EE98428001C9752 /* SCLSwitchView.m in Sources */,
				6B5B4B372EE98428001C9752 /* SCLTextView.m in Sources */,
				6B5B4B382EE98428001C9752 /* SCLAlertViewStyleKit.m in Sources */,
				6B5B4B682EE9849C001C9752 /* AlertUtils.mm in Sources */,
				6B5B4B392EE98428001C9752 /* mz_os.c in Sources */,
				6B5B4B3A2EE98428001C9752 /* mz_strm_wzaes.c in Sources */,
				6B5B4B3B2EE98428001C9752 /* mz_zip.c in Sources */,
				6B5B4B3C2EE98428001C9752 /* mz_strm_mem.c in Sources */,
				6B5B4B3D2EE98428001C9752 /* mz_strm_buf.c in Sources */,
				6B5B49582EE966C8001C9752 /* a1a2-selectortramps-arm.s in Sources */,
				6B5B495E2EE966C8001C9752 /* a1a2-selectortramps-x86_64.s in Sources */,
				6B5B49682EE966C8001C9752 /* OCMethodTrace.m in Sources */,
				6B5B494D2EE966C8001C9752 /* MDConfigManager.m in Sources */,
				6B5B4AE22EE9841D001C9752 /* Il2cpp.cpp in Sources */,
				6B5B4AE32EE9841D001C9752 /* Dumper.cpp in Sources */,
				6B5B497A2EE966C8001C9752 /* fishhook.c in Sources */,
				6B5B49772EE966C8001C9752 /* AntiAntiDebug.m in Sources */,
				6B5B496C2EE966C8001C9752 /* OCSelectorTrampolines.mm in Sources */,
				6B5B495C2EE966C8001C9752 /* a1a2-selectortramps-i386.s in Sources */,
				6B5B49622EE966C8001C9752 /* a2a3-selectortramps-i386.s in Sources */,
				6B5B49602EE966C8001C9752 /* a2a3-selectortramps-arm.s in Sources */,
				6B5B49482EE966C8001C9752 /* I2CppDumperDylib.mm in Sources */,
				6B5B49722EE966C8001C9752 /* LLDBTools.mm in Sources */,
				6B5B49642EE966C8001C9752 /* a2a3-selectortramps-x86_64.s in Sources */,
				6B5B49552EE966C8001C9752 /* MDMethodTrace.m in Sources */,
			);
			runOnlyForDeploymentPostprocessing = 0;
		};
/* End PBXSourcesBuildPhase section */

/* Begin PBXTargetDependency section */
		6B5B493C2EE966C8001C9752 /* PBXTargetDependency */ = {
			isa = PBXTargetDependency;
			target = 6B5B49382EE966C8001C9752 /* I2CppDumperDylib */;
			targetProxy = 6B5B493B2EE966C8001C9752 /* PBXContainerItemProxy */;
		};
/* End PBXTargetDependency section */

/* Begin XCBuildConfiguration section */
		6B5B49832EE966C8001C9752 /* Debug */ = {
			isa = XCBuildConfiguration;
			buildSettings = {
				CODE_SIGN_STYLE = Automatic;
				DEVELOPMENT_TEAM = 5PHBKYVNJ4;
				DYLIB_COMPATIBILITY_VERSION = 1;
				DYLIB_CURRENT_VERSION = 1;
				ENABLE_BITCODE = NO;
				EXCLUDED_RECURSIVE_SEARCH_PATH_SUBDIRECTORIES = "*.nib *.lproj *.gch (*) .DS_Store CVS .svn .git .hg *.xcodeproj *.xcode *.pbproj *.pbxproj";
				EXECUTABLE_PREFIX = lib;
				FRAMEWORK_SEARCH_PATHS = (
					"$(inherited)",
					"$(MonkeyDevPath)/Frameworks/**",
					"$(MonkeyDevPath)/Librarys/**",
					"$(MonkeyDevTheosPath)/vendor/lib",
				);
				GCC_C_LANGUAGE_STANDARD = gnu99;
				GCC_PRECOMPILE_PREFIX_HEADER = YES;
				GCC_PREFIX_HEADER = "I2CppDumperDylib/I2CppDumperDylib-Prefix.pch";
				GCC_SYMBOLS_PRIVATE_EXTERN = NO;
				GCC_WARN_ABOUT_MISSING_PROTOTYPES = YES;
				GCC_WARN_ABOUT_RETURN_TYPE = YES;
				HEADER_SEARCH_PATHS = (
					"$(inherited)",
					"$(MonkeyDevPath)/include",
					"$(MonkeyDevTheosPath)/vendor/include/**",
				);
				INSTALL_PATH = "@executable_path/Frameworks/libI2CppDumperDylib.dylib";
				IPHONEOS_DEPLOYMENT_TARGET = 16.0;
				LD_RUNPATH_SEARCH_PATHS = (
					"$(inherited)",
					"@executable_path/Frameworks",
				);
				LIBRARY_SEARCH_PATHS = (
					"$(inherited)",
					"$(MonkeyDevPath)/Frameworks",
					"$(MonkeyDevTheosPath)/vendor/lib/**",
				);
				MonkeyDevPath = /opt/MonkeyDev;
				MonkeyDevTheosPath = /opt/theos;
				OTHER_CFLAGS = (
					"$(inherited)",
					"-DTHEOS_INSTANCE_NAME=\"\\\"I2CppDumperDylib\\\"\"",
				);
				OTHER_LDFLAGS = (
					"$(inherited)",
					"-weak_library",
					"$(MonkeyDevPath)/Frameworks/libsubstrate.dylib",
					"-lcycript",
					"-framework",
					RevealServer,
				);
				PRODUCT_NAME = "$(TARGET_NAME)";
				TARGETED_DEVICE_FAMILY = "1,2";
				VALIDATE_PRODUCT = NO;
			};
			name = Debug;
		};
		6B5B49842EE966C8001C9752 /* Release */ = {
			isa = XCBuildConfiguration;
			buildSettings = {
				CODE_SIGN_STYLE = Automatic;
				COPY_PHASE_STRIP = YES;
				DEVELOPMENT_TEAM = 5PHBKYVNJ4;
				DYLIB_COMPATIBILITY_VERSION = 1;
				DYLIB_CURRENT_VERSION = 1;
				ENABLE_BITCODE = NO;
				EXCLUDED_RECURSIVE_SEARCH_PATH_SUBDIRECTORIES = "*.nib *.lproj *.gch (*) .DS_Store CVS .svn .git .hg *.xcodeproj *.xcode *.pbproj *.pbxproj";
				EXECUTABLE_PREFIX = lib;
				FRAMEWORK_SEARCH_PATHS = (
					"$(inherited)",
					"$(MonkeyDevPath)/Frameworks/**",
					"$(MonkeyDevPath)/Librarys/**",
					"$(MonkeyDevTheosPath)/vendor/lib",
				);
				GCC_C_LANGUAGE_STANDARD = gnu99;
				GCC_PRECOMPILE_PREFIX_HEADER = YES;
				GCC_PREFIX_HEADER = "I2CppDumperDylib/I2CppDumperDylib-Prefix.pch";
				GCC_WARN_ABOUT_MISSING_PROTOTYPES = YES;
				GCC_WARN_ABOUT_RETURN_TYPE = YES;
				HEADER_SEARCH_PATHS = (
					"$(inherited)",
					"$(MonkeyDevPath)/include",
					"$(MonkeyDevTheosPath)/vendor/include/**",
				);
				INSTALL_PATH = "@executable_path/Frameworks/libI2CppDumperDylib.dylib";
				IPHONEOS_DEPLOYMENT_TARGET = 16.0;
				LD_RUNPATH_SEARCH_PATHS = (
					"$(inherited)",
					"@executable_path/Frameworks",
				);
				LIBRARY_SEARCH_PATHS = (
					"$(inherited)",
					"$(MonkeyDevPath)/Frameworks",
					"$(MonkeyDevTheosPath)/vendor/lib/**",
				);
				MonkeyDevPath = /opt/MonkeyDev;
				MonkeyDevTheosPath = /opt/theos;
				OTHER_CFLAGS = (
					"$(inherited)",
					"-DTHEOS_INSTANCE_NAME=\"\\\"I2CppDumperDylib\\\"\"",
				);
				OTHER_LDFLAGS = (
					"$(inherited)",
					"-weak_library",
					"$(MonkeyDevPath)/Frameworks/libsubstrate.dylib",
				);
				PRODUCT_NAME = "$(TARGET_NAME)";
				TARGETED_DEVICE_FAMILY = "1,2";
			};
			name = Release;
		};
		6B5B49862EE966C8001C9752 /* Debug */ = {
			isa = XCBuildConfiguration;
			buildSettings = {
				CODE_SIGN_STYLE = Automatic;
				CURRENT_PROJECT_VERSION = 1;
				DEVELOPMENT_TEAM = 5PHBKYVNJ4;
				ENABLE_BITCODE = NO;
				ENABLE_USER_SCRIPT_SANDBOXING = NO;
				GENERATE_INFOPLIST_FILE = YES;
				IPHONEOS_DEPLOYMENT_TARGET = 16.0;
				MARKETING_VERSION = 1.0;
				MONKEYDEV_ADD_SUBSTRATE = YES;
				MONKEYDEV_CLASS_DUMP = NO;
				MONKEYDEV_DEFAULT_BUNDLEID = NO;
				MONKEYDEV_INSERT_DYLIB = YES;
				MONKEYDEV_RESTORE_SYMBOL = NO;
				MONKEYDEV_TARGET_APP = Optional;
				PODS_CONFIGURATION_BUILD_DIR = "$BUILD_DIR/$(CONFIGURATION)$(EFFECTIVE_PLATFORM_NAME)";
				PODS_ROOT = "${SRCROOT}/Pods";
				PRODUCT_BUNDLE_IDENTIFIER = com.kyros.I2CppDumper;
				PRODUCT_NAME = "$(TARGET_NAME)";
				STRING_CATALOG_GENERATE_SYMBOLS = YES;
				SWIFT_EMIT_LOC_STRINGS = YES;
				TARGETED_DEVICE_FAMILY = "1,2";
			};
			name = Debug;
		};
		6B5B49872EE966C8001C9752 /* Release */ = {
			isa = XCBuildConfiguration;
			buildSettings = {
				CODE_SIGN_STYLE = Automatic;
				CURRENT_PROJECT_VERSION = 1;
				DEVELOPMENT_TEAM = 5PHBKYVNJ4;
				ENABLE_BITCODE = NO;
				ENABLE_USER_SCRIPT_SANDBOXING = NO;
				GENERATE_INFOPLIST_FILE = YES;
				IPHONEOS_DEPLOYMENT_TARGET = 16.0;
				MARKETING_VERSION = 1.0;
				MONKEYDEV_ADD_SUBSTRATE = YES;
				MONKEYDEV_CLASS_DUMP = NO;
				MONKEYDEV_DEFAULT_BUNDLEID = NO;
				MONKEYDEV_INSERT_DYLIB = YES;
				MONKEYDEV_RESTORE_SYMBOL = NO;
				MONKEYDEV_TARGET_APP = Optional;
				PODS_CONFIGURATION_BUILD_DIR = "$BUILD_DIR/$(CONFIGURATION)$(EFFECTIVE_PLATFORM_NAME)";
				PODS_ROOT = "${SRCROOT}/Pods";
				PRODUCT_BUNDLE_IDENTIFIER = com.kyros.I2CppDumper;
				PRODUCT_NAME = "$(TARGET_NAME)";
				STRING_CATALOG_GENERATE_SYMBOLS = YES;
				SWIFT_EMIT_LOC_STRINGS = YES;
				TARGETED_DEVICE_FAMILY = "1,2";
			};
			name = Release;
		};
		6B5B49882EE966C8001C9752 /* Debug */ = {
			isa = XCBuildConfiguration;
			buildSettings = {
				ALWAYS_SEARCH_USER_PATHS = NO;
				ASSETCATALOG_COMPILER_GENERATE_SWIFT_ASSET_SYMBOL_EXTENSIONS = YES;
				CLANG_ANALYZER_NONNULL = YES;
				CLANG_ANALYZER_NUMBER_OBJECT_CONVERSION = YES_AGGRESSIVE;
				CLANG_CXX_LANGUAGE_STANDARD = "gnu++20";
				CLANG_ENABLE_MODULES = YES;
				CLANG_ENABLE_OBJC_ARC = YES;
				CLANG_ENABLE_OBJC_WEAK = YES;
				CLANG_WARN_BLOCK_CAPTURE_AUTORELEASING = YES;
				CLANG_WARN_BOOL_CONVERSION = YES;
				CLANG_WARN_COMMA = YES;
				CLANG_WARN_CONSTANT_CONVERSION = YES;
				CLANG_WARN_DEPRECATED_OBJC_IMPLEMENTATIONS = YES;
				CLANG_WARN_DIRECT_OBJC_ISA_USAGE = YES_ERROR;
				CLANG_WARN_DOCUMENTATION_COMMENTS = YES;
				CLANG_WARN_EMPTY_BODY = YES;
				CLANG_WARN_ENUM_CONVERSION = YES;
				CLANG_WARN_INFINITE_RECURSION = YES;
				CLANG_WARN_INT_CONVERSION = YES;
				CLANG_WARN_NON_LITERAL_NULL_CONVERSION = YES;
				CLANG_WARN_OBJC_IMPLICIT_RETAIN_SELF = YES;
				CLANG_WARN_OBJC_LITERAL_CONVERSION = YES;
				CLANG_WARN_OBJC_ROOT_CLASS = YES_ERROR;
				CLANG_WARN_QUOTED_INCLUDE_IN_FRAMEWORK_HEADER = YES;
				CLANG_WARN_RANGE_LOOP_ANALYSIS = YES;
				CLANG_WARN_STRICT_PROTOTYPES = YES;
				CLANG_WARN_SUSPICIOUS_MOVE = YES;
				CLANG_WARN_UNGUARDED_AVAILABILITY = YES_AGGRESSIVE;
				CLANG_WARN_UNREACHABLE_CODE = YES;
				CLANG_WARN__DUPLICATE_METHOD_MATCH = YES;
				COPY_PHASE_STRIP = NO;
				DEBUG_INFORMATION_FORMAT = dwarf;
				DEVELOPMENT_TEAM = 5PHBKYVNJ4;
				ENABLE_STRICT_OBJC_MSGSEND = YES;
				ENABLE_TESTABILITY = YES;
				ENABLE_USER_SCRIPT_SANDBOXING = YES;
				GCC_C_LANGUAGE_STANDARD = gnu17;
				GCC_DYNAMIC_NO_PIC = NO;
				GCC_NO_COMMON_BLOCKS = YES;
				GCC_OPTIMIZATION_LEVEL = 0;
				GCC_PREPROCESSOR_DEFINITIONS = (
					"DEBUG=1",
					"$(inherited)",
				);
				GCC_WARN_64_TO_32_BIT_CONVERSION = YES;
				GCC_WARN_ABOUT_RETURN_TYPE = YES_ERROR;
				GCC_WARN_UNDECLARED_SELECTOR = YES;
				GCC_WARN_UNINITIALIZED_AUTOS = YES_AGGRESSIVE;
				GCC_WARN_UNUSED_FUNCTION = YES;
				GCC_WARN_UNUSED_VARIABLE = YES;
				IPHONEOS_DEPLOYMENT_TARGET = 8.0;
				LOCALIZATION_PREFERS_STRING_CATALOGS = YES;
				MTL_ENABLE_DEBUG_INFO = INCLUDE_SOURCE;
				MTL_FAST_MATH = YES;
				ONLY_ACTIVE_ARCH = YES;
				SDKROOT = iphoneos;
			};
			name = Debug;
		};
		6B5B49892EE966C8001C9752 /* Release */ = {
			isa = XCBuildConfiguration;
			buildSettings = {
				ALWAYS_SEARCH_USER_PATHS = NO;
				ASSETCATALOG_COMPILER_GENERATE_SWIFT_ASSET_SYMBOL_EXTENSIONS = YES;
				CLANG_ANALYZER_NONNULL = YES;
				CLANG_ANALYZER_NUMBER_OBJECT_CONVERSION = YES_AGGRESSIVE;
				CLANG_CXX_LANGUAGE_STANDARD = "gnu++20";
				CLANG_ENABLE_MODULES = YES;
				CLANG_ENABLE_OBJC_ARC = YES;
				CLANG_ENABLE_OBJC_WEAK = YES;
				CLANG_WARN_BLOCK_CAPTURE_AUTORELEASING = YES;
				CLANG_WARN_BOOL_CONVERSION = YES;
				CLANG_WARN_COMMA = YES;
				CLANG_WARN_CONSTANT_CONVERSION = YES;
				CLANG_WARN_DEPRECATED_OBJC_IMPLEMENTATIONS = YES;
				CLANG_WARN_DIRECT_OBJC_ISA_USAGE = YES_ERROR;
				CLANG_WARN_DOCUMENTATION_COMMENTS = YES;
				CLANG_WARN_EMPTY_BODY = YES;
				CLANG_WARN_ENUM_CONVERSION = YES;
				CLANG_WARN_INFINITE_RECURSION = YES;
				CLANG_WARN_INT_CONVERSION = YES;
				CLANG_WARN_NON_LITERAL_NULL_CONVERSION = YES;
				CLANG_WARN_OBJC_IMPLICIT_RETAIN_SELF = YES;
				CLANG_WARN_OBJC_LITERAL_CONVERSION = YES;
				CLANG_WARN_OBJC_ROOT_CLASS = YES_ERROR;
				CLANG_WARN_QUOTED_INCLUDE_IN_FRAMEWORK_HEADER = YES;
				CLANG_WARN_RANGE_LOOP_ANALYSIS = YES;
				CLANG_WARN_STRICT_PROTOTYPES = YES;
				CLANG_WARN_SUSPICIOUS_MOVE = YES;
				CLANG_WARN_UNGUARDED_AVAILABILITY = YES_AGGRESSIVE;
				CLANG_WARN_UNREACHABLE_CODE = YES;
				CLANG_WARN__DUPLICATE_METHOD_MATCH = YES;
				COPY_PHASE_STRIP = NO;
				DEBUG_INFORMATION_FORMAT = "dwarf-with-dsym";
				DEVELOPMENT_TEAM = 5PHBKYVNJ4;
				ENABLE_NS_ASSERTIONS = NO;
				ENABLE_STRICT_OBJC_MSGSEND = YES;
				ENABLE_USER_SCRIPT_SANDBOXING = YES;
				GCC_C_LANGUAGE_STANDARD = gnu17;
				GCC_NO_COMMON_BLOCKS = YES;
				GCC_WARN_64_TO_32_BIT_CONVERSION = YES;
				GCC_WARN_ABOUT_RETURN_TYPE = YES_ERROR;
				GCC_WARN_UNDECLARED_SELECTOR = YES;
				GCC_WARN_UNINITIALIZED_AUTOS = YES_AGGRESSIVE;
				GCC_WARN_UNUSED_FUNCTION = YES;
				GCC_WARN_UNUSED_VARIABLE = YES;
				IPHONEOS_DEPLOYMENT_TARGET = 8.0;
				LOCALIZATION_PREFERS_STRING_CATALOGS = YES;
				MTL_ENABLE_DEBUG_INFO = NO;
				MTL_FAST_MATH = YES;
				SDKROOT = iphoneos;
				VALIDATE_PRODUCT = YES;
			};
			name = Release;
		};
/* End XCBuildConfiguration section */

/* Begin XCConfigurationList section */
		6B5B49202EE966C8001C9752 /* Build configuration list for PBXProject "I2CppDumper" */ = {
			isa = XCConfigurationList;
			buildConfigurations = (
				6B5B49882EE966C8001C9752 /* Debug */,
				6B5B49892EE966C8001C9752 /* Release */,
			);
			defaultConfigurationIsVisible = 0;
			defaultConfigurationName = Release;
		};
		6B5B49822EE966C8001C9752 /* Build configuration list for PBXNativeTarget "I2CppDumperDylib" */ = {
			isa = XCConfigurationList;
			buildConfigurations = (
				6B5B49832EE966C8001C9752 /* Debug */,
				6B5B49842EE966C8001C9752 /* Release */,
			);
			defaultConfigurationIsVisible = 0;
			defaultConfigurationName = Release;
		};
		6B5B49852EE966C8001C9752 /* Build configuration list for PBXNativeTarget "I2CppDumper" */ = {
			isa = XCConfigurationList;
			buildConfigurations = (
				6B5B49862EE966C8001C9752 /* Debug */,
				6B5B49872EE966C8001C9752 /* Release */,
			);
			defaultConfigurationIsVisible = 0;
			defaultConfigurationName = Release;
		};
/* End XCConfigurationList section */
	};
	rootObject = 6B5B491D2EE966C8001C9752 /* Project object */;
}
